
Microsoft Visual Studio Solution File, Format Version 12.00
# Visual Studio Version 17
VisualStudioVersion = 17.0.31919.166
MinimumVisualStudioVersion = 10.0.40219.1
Project("{FAE04EC0-301F-11D3-BF4B-00C04F79EFBC}") = "LuvKush Website", "LuvKush Website\LuvKush Website.csproj", "{2C06AA20-D9E2-4BB9-B0C3-D3AF62C50512}"
EndProject
Global
	GlobalSection(SolutionConfigurationPlatforms) = preSolution
		Debug|Any CPU = Debug|Any CPU
		Release|Any CPU = Release|Any CPU
	EndGlobalSection
	GlobalSection(ProjectConfigurationPlatforms) = postSolution
		{2C06AA20-D9E2-4BB9-B0C3-D3AF62C50512}.Debug|Any CPU.ActiveCfg = Debug|Any CPU
		{2C06AA20-D9E2-4BB9-B0C3-D3AF62C50512}.Debug|Any CPU.Build.0 = Debug|Any CPU
		{2C06AA20-D9E2-4BB9-B0C3-D3AF62C50512}.Release|Any CPU.ActiveCfg = Release|Any CPU
		{2C06AA20-D9E2-4BB9-B0C3-D3AF62C50512}.Release|Any CPU.Build.0 = Release|Any CPU
	EndGlobalSection
	GlobalSection(SolutionProperties) = preSolution
		HideSolutionNode = FALSE
	EndGlobalSection
	GlobalSection(ExtensibilityGlobals) = postSolution
		SolutionGuid = {31A1EF9B-DC14-4842-A3AE-DE8E1D2DAF87}
	EndGlobalSection
EndGlobal
